{
  "R": {
    "Version": "4.1.0",
    "Repositories": [
      {
        "Name": "CRAN",
        "URL": "https://cran.rstudio.com"
      }
    ]
  },
  "Bioconductor": {
    "Version": "3.14"
  },
  "Packages": {
    "BH": {
      "Package": "BH",
      "Version": "1.78.0-0",
      "Source": "Repository",
      "Repository": "CRAN",
      "Hash": "4e348572ffcaa2fb1e610e7a941f6f3a",
      "Requirements": []
    },
    "Biobase": {
      "Package": "Biobase",
      "Version": "2.54.0",
      "Source": "Bioconductor",
      "git_url": "https://git.bioconductor.org/packages/Biobase",
      "git_branch": "RELEASE_3_14",
      "git_last_commit": "8215d76",
      "git_last_commit_date": "2021-10-26",
      "Hash": "767057b0e2897e2a43b59718be888ccd",
      "Requirements": [
        "BiocGenerics"
      ]
    },
    "BiocGenerics": {
      "Package": "BiocGenerics",
      "Version": "0.40.0",
      "Source": "Bioconductor",
      "git_url": "https://git.bioconductor.org/packages/BiocGenerics",
      "git_branch": "RELEASE_3_14",
      "git_last_commit": "0bc1e0e",
      "git_last_commit_date": "2021-10-26",
      "Hash": "ddc1d29bbe66aaef34b0d17620b61a69",
      "Requirements": []
    },
    "BiocManager": {
      "Package": "BiocManager",
      "Version": "1.30.16",
      "Source": "Repository",
      "Repository": "CRAN",
      "Hash": "2fdca0877debdd4668190832cdee4c31",
      "Requirements": []
    },
    "BiocParallel": {
      "Package": "BiocParallel",
      "Version": "1.28.3",
      "Source": "Bioconductor",
      "git_url": "https://git.bioconductor.org/packages/BiocParallel",
      "git_branch": "RELEASE_3_14",
      "git_last_commit": "2f9d88a",
      "git_last_commit_date": "2021-12-07",
      "Hash": "460c266560eefcf641c3d7c5169e5bb3",
      "Requirements": [
        "BH",
        "futile.logger",
        "snow"
      ]
    },
    "BiocVersion": {
      "Package": "BiocVersion",
      "Version": "3.14.0",
      "Source": "Bioconductor",
      "git_url": "https://git.bioconductor.org/packages/BiocVersion",
      "git_branch": "master",
      "git_last_commit": "aa56d93",
      "git_last_commit_date": "2021-05-19",
      "Hash": "e57437f82a5c13263a9cf442b9796ba3",
      "Requirements": []
    },
    "FTMS.peakCharacterization": {
      "Package": "FTMS.peakCharacterization",
      "Version": "0.1.102",
      "Source": "GitHub",
      "RemoteType": "github",
      "RemoteHost": "api.github.com",
      "RemoteRepo": "FTMS.peakCharacterization",
      "RemoteUsername": "MoseleyBioinformaticsLab",
      "RemoteRef": "HEAD",
      "RemoteSha": "0f9a209819d0df06e3f55c3181290cfbd81208b1",
      "Hash": "6161940629924d8e804a1953df83d6ab",
      "Requirements": [
        "IRanges",
        "MSnbase",
        "R.utils",
        "R6",
        "S4Vectors",
        "XML",
        "assertthat",
        "cowplot",
        "debugme",
        "dplyr",
        "forcats",
        "ggplot2",
        "jsonlite",
        "lubridate",
        "magrittr",
        "pracma",
        "purrr",
        "readxl",
        "tibble",
        "tidyr"
      ]
    },
    "IRanges": {
      "Package": "IRanges",
      "Version": "2.28.0",
      "Source": "Bioconductor",
      "git_url": "https://git.bioconductor.org/packages/IRanges",
      "git_branch": "RELEASE_3_14",
      "git_last_commit": "d85ee90",
      "git_last_commit_date": "2021-10-26",
      "Hash": "8299b0f981c924a2b824be548f836e9d",
      "Requirements": [
        "BiocGenerics",
        "S4Vectors"
      ]
    },
    "MALDIquant": {
      "Package": "MALDIquant",
      "Version": "1.21",
      "Source": "Repository",
      "Repository": "CRAN",
      "Hash": "630efa18bbb281b0bf4680e6a19cfc6a",
      "Requirements": []
    },
    "MASS": {
      "Package": "MASS",
      "Version": "7.3-55",
      "Source": "Repository",
      "Repository": "CRAN",
      "Hash": "c5232ffb549f6d7a04a152c34ca1353d",
      "Requirements": []
    },
    "MSnbase": {
      "Package": "MSnbase",
      "Version": "2.20.4",
      "Source": "Bioconductor",
      "git_url": "https://git.bioconductor.org/packages/MSnbase",
      "git_branch": "RELEASE_3_14",
      "git_last_commit": "c86ac8b",
      "git_last_commit_date": "2022-01-13",
      "Hash": "2bd0dfe28afcbd6ba9b6f8cb82fdf524",
      "Requirements": [
        "Biobase",
        "BiocGenerics",
        "BiocParallel",
        "IRanges",
        "MALDIquant",
        "MASS",
        "MsCoreUtils",
        "ProtGenerics",
        "Rcpp",
        "S4Vectors",
        "XML",
        "affy",
        "digest",
        "ggplot2",
        "impute",
        "lattice",
        "mzID",
        "mzR",
        "pcaMethods",
        "plyr",
        "scales",
        "vsn"
      ]
    },
    "Matrix": {
      "Package": "Matrix",
      "Version": "1.4-0",
      "Source": "Repository",
      "Repository": "CRAN",
      "Hash": "130c0caba175739d98f2963c6a407cf6",
      "Requirements": [
        "lattice"
      ]
    },
    "MsCoreUtils": {
      "Package": "MsCoreUtils",
      "Version": "1.6.2",
      "Source": "Bioconductor",
      "git_url": "https://git.bioconductor.org/packages/MsCoreUtils",
      "git_branch": "RELEASE_3_14",
      "git_last_commit": "0d9fa88",
      "git_last_commit_date": "2022-02-23",
      "Hash": "093c5b615a6ef68ea443d6273eb3e111",
      "Requirements": [
        "MASS",
        "Rcpp",
        "S4Vectors",
        "clue"
      ]
    },
    "ProtGenerics": {
      "Package": "ProtGenerics",
      "Version": "1.26.0",
      "Source": "Bioconductor",
      "git_url": "https://git.bioconductor.org/packages/ProtGenerics",
      "git_branch": "RELEASE_3_14",
      "git_last_commit": "2033289",
      "git_last_commit_date": "2021-10-26",
      "Hash": "00fb5dbafc94b13ff52e5af4a32a5f5a",
      "Requirements": []
    },
    "R.methodsS3": {
      "Package": "R.methodsS3",
      "Version": "1.8.1",
      "Source": "Repository",
      "Repository": "CRAN",
      "Hash": "4bf6453323755202d5909697b6f7c109",
      "Requirements": []
    },
    "R.oo": {
      "Package": "R.oo",
      "Version": "1.24.0",
      "Source": "Repository",
      "Repository": "CRAN",
      "Hash": "5709328352717e2f0a9c012be8a97554",
      "Requirements": [
        "R.methodsS3"
      ]
    },
    "R.utils": {
      "Package": "R.utils",
      "Version": "2.11.0",
      "Source": "Repository",
      "Repository": "CRAN",
      "Hash": "a7ecb8e60815c7a18648e84cd121b23a",
      "Requirements": [
        "R.methodsS3",
        "R.oo"
      ]
    },
    "R6": {
      "Package": "R6",
      "Version": "2.5.1",
      "Source": "Repository",
      "Repository": "CRAN",
      "Hash": "470851b6d5d0ac559e9d01bb352b4021",
      "Requirements": []
    },
    "RColorBrewer": {
      "Package": "RColorBrewer",
      "Version": "1.1-2",
      "Source": "Repository",
      "Repository": "CRAN",
      "Hash": "e031418365a7f7a766181ab5a41a5716",
      "Requirements": []
    },
    "Rcpp": {
      "Package": "Rcpp",
      "Version": "1.0.8",
      "Source": "Repository",
      "Repository": "CRAN",
      "Hash": "22b546dd7e337f6c0c58a39983a496bc",
      "Requirements": []
    },
    "RcppEigen": {
      "Package": "RcppEigen",
      "Version": "0.3.3.9.1",
      "Source": "Repository",
      "Repository": "CRAN",
      "Hash": "ddfa72a87fdf4c80466a20818be91d00",
      "Requirements": [
        "Matrix",
        "Rcpp"
      ]
    },
    "Rhdf5lib": {
      "Package": "Rhdf5lib",
      "Version": "1.16.0",
      "Source": "Bioconductor",
      "git_url": "https://git.bioconductor.org/packages/Rhdf5lib",
      "git_branch": "RELEASE_3_14",
      "git_last_commit": "534c497",
      "git_last_commit_date": "2021-10-26",
      "Hash": "720badd4eb76a481fb97d65e08dc67f0",
      "Requirements": []
    },
    "S4Vectors": {
      "Package": "S4Vectors",
      "Version": "0.32.3",
      "Source": "Bioconductor",
      "git_url": "https://git.bioconductor.org/packages/S4Vectors",
      "git_branch": "RELEASE_3_14",
      "git_last_commit": "ad90e78",
      "git_last_commit_date": "2021-11-18",
      "Hash": "7c01112d4a7528159c335b486a046101",
      "Requirements": [
        "BiocGenerics"
      ]
    },
    "XML": {
      "Package": "XML",
      "Version": "3.99-0.9",
      "Source": "Repository",
      "Repository": "CRAN",
      "Hash": "6e75b3884423e21eda89b424a98e091d",
      "Requirements": []
    },
    "affy": {
      "Package": "affy",
      "Version": "1.72.0",
      "Source": "Bioconductor",
      "git_url": "https://git.bioconductor.org/packages/affy",
      "git_branch": "RELEASE_3_14",
      "git_last_commit": "3750b4e",
      "git_last_commit_date": "2021-10-26",
      "Hash": "147c5b9086625ad520de96fcd0e0bc58",
      "Requirements": [
        "Biobase",
        "BiocGenerics",
        "BiocManager",
        "affyio",
        "preprocessCore",
        "zlibbioc"
      ]
    },
    "affyio": {
      "Package": "affyio",
      "Version": "1.64.0",
      "Source": "Bioconductor",
      "git_url": "https://git.bioconductor.org/packages/affyio",
      "git_branch": "RELEASE_3_14",
      "git_last_commit": "aa7ce48",
      "git_last_commit_date": "2021-10-26",
      "Hash": "5404fd2f169d29441e0696de2f2eca05",
      "Requirements": [
        "zlibbioc"
      ]
    },
    "assertthat": {
      "Package": "assertthat",
      "Version": "0.2.1",
      "Source": "Repository",
      "Repository": "CRAN",
      "Hash": "50c838a310445e954bc13f26f26a6ecf",
      "Requirements": []
    },
    "backports": {
      "Package": "backports",
      "Version": "1.4.1",
      "Source": "Repository",
      "Repository": "CRAN",
      "Hash": "c39fbec8a30d23e721980b8afb31984c",
      "Requirements": []
    },
    "base64enc": {
      "Package": "base64enc",
      "Version": "0.1-3",
      "Source": "Repository",
      "Repository": "CRAN",
      "Hash": "543776ae6848fde2f48ff3816d0628bc",
      "Requirements": []
    },
    "base64url": {
      "Package": "base64url",
      "Version": "1.4",
      "Source": "Repository",
      "Repository": "CRAN",
      "Hash": "0c54cf3a08cc0e550fbd64ad33166143",
      "Requirements": [
        "backports"
      ]
    },
    "cachem": {
      "Package": "cachem",
      "Version": "1.0.6",
      "Source": "Repository",
      "Repository": "CRAN",
      "Hash": "648c5b3d71e6a37e3043617489a0a0e9",
      "Requirements": [
        "fastmap",
        "rlang"
      ]
    },
    "callr": {
      "Package": "callr",
      "Version": "3.7.0",
      "Source": "Repository",
      "Repository": "CRAN",
      "Hash": "461aa75a11ce2400245190ef5d3995df",
      "Requirements": [
        "R6",
        "processx"
      ]
    },
    "cellranger": {
      "Package": "cellranger",
      "Version": "1.1.0",
      "Source": "Repository",
      "Repository": "CRAN",
      "Hash": "f61dbaec772ccd2e17705c1e872e9e7c",
      "Requirements": [
        "rematch",
        "tibble"
      ]
    },
    "cli": {
      "Package": "cli",
      "Version": "3.2.0",
      "Source": "Repository",
      "Repository": "CRAN",
      "Hash": "1bdb126893e9ce6aae50ad1d6fc32faf",
      "Requirements": [
        "glue"
      ]
    },
    "clue": {
      "Package": "clue",
      "Version": "0.3-60",
      "Source": "Repository",
      "Repository": "CRAN",
      "Hash": "402594b0365210ad6df53e8fcda69d8a",
      "Requirements": [
        "cluster"
      ]
    },
    "cluster": {
      "Package": "cluster",
      "Version": "2.1.2",
      "Source": "Repository",
      "Repository": "CRAN",
      "Hash": "ce49bfe5bc0b3ecd43a01fe1b01c2243",
      "Requirements": []
    },
    "codetools": {
      "Package": "codetools",
      "Version": "0.2-18",
      "Source": "Repository",
      "Repository": "CRAN",
      "Hash": "019388fc48e48b3da0d3a76ff94608a8",
      "Requirements": []
    },
    "colorspace": {
      "Package": "colorspace",
      "Version": "2.0-3",
      "Source": "Repository",
      "Repository": "CRAN",
      "Hash": "bb4341986bc8b914f0f0acf2e4a3f2f7",
      "Requirements": []
    },
    "conflicted": {
      "Package": "conflicted",
      "Version": "1.1.0",
      "Source": "Repository",
      "Repository": "CRAN",
      "Hash": "c6bb5e1ef58f2f1c84f238f55bd2e56a",
      "Requirements": [
        "memoise",
        "rlang"
      ]
    },
    "cowplot": {
      "Package": "cowplot",
      "Version": "1.1.1",
      "Source": "Repository",
      "Repository": "CRAN",
      "Hash": "b418e8423699d11c7f2087c2bfd07da2",
      "Requirements": [
        "ggplot2",
        "gtable",
        "rlang",
        "scales"
      ]
    },
    "cpp11": {
      "Package": "cpp11",
      "Version": "0.4.2",
      "Source": "Repository",
      "Repository": "CRAN",
      "Hash": "fa53ce256cd280f468c080a58ea5ba8c",
      "Requirements": []
    },
    "crayon": {
      "Package": "crayon",
      "Version": "1.5.0",
      "Source": "Repository",
      "Repository": "CRAN",
      "Hash": "741c2e098e98afe3dc26a7b0e5489f4e",
      "Requirements": []
    },
    "data.table": {
      "Package": "data.table",
      "Version": "1.14.2",
      "Source": "Repository",
      "Repository": "CRAN",
      "Hash": "36b67b5adf57b292923f5659f5f0c853",
      "Requirements": []
    },
    "debugme": {
      "Package": "debugme",
      "Version": "1.1.0",
      "Source": "Repository",
      "Repository": "CRAN",
      "Hash": "2d8a9e4f08f3dd669cb8ddd1eb575959",
      "Requirements": [
        "crayon"
      ]
    },
    "digest": {
      "Package": "digest",
      "Version": "0.6.29",
      "Source": "Repository",
      "Repository": "CRAN",
      "Hash": "cf6b206a045a684728c3267ef7596190",
      "Requirements": []
    },
    "doParallel": {
      "Package": "doParallel",
      "Version": "1.0.17",
      "Source": "Repository",
      "Repository": "CRAN",
      "Hash": "451e5edf411987991ab6a5410c45011f",
      "Requirements": [
        "foreach",
        "iterators"
      ]
    },
    "documentNumbering": {
      "Package": "documentNumbering",
      "Version": "0.0.4",
      "Source": "GitHub",
      "RemoteType": "github",
      "RemoteHost": "api.github.com",
      "RemoteRepo": "documentNumbering",
      "RemoteUsername": "rmflight",
      "RemoteRef": "HEAD",
      "RemoteSha": "ef1054dfe48313620a513b161005423d1b092a22",
      "Hash": "d9677d8f54bab72d148ec4598970621c",
      "Requirements": [
        "R6"
      ]
    },
    "dotenv": {
      "Package": "dotenv",
      "Version": "1.0.3",
      "Source": "Repository",
      "Repository": "CRAN",
      "Hash": "7e1213a65b6190437c644a14ec814ef3",
      "Requirements": []
    },
    "dplyr": {
      "Package": "dplyr",
      "Version": "1.0.8",
      "Source": "Repository",
      "Repository": "CRAN",
      "Hash": "ef47665e64228a17609d6df877bf86f2",
      "Requirements": [
        "R6",
        "generics",
        "glue",
        "lifecycle",
        "magrittr",
        "pillar",
        "rlang",
        "tibble",
        "tidyselect",
        "vctrs"
      ]
    },
    "drake": {
      "Package": "drake",
      "Version": "7.13.3",
      "Source": "Repository",
      "Repository": "CRAN",
      "Hash": "0c7f735ec457ec8d499be5c1ea5a647d",
      "Requirements": [
        "base64url",
        "digest",
        "igraph",
        "rlang",
        "storr",
        "tidyselect",
        "txtq",
        "vctrs"
      ]
    },
    "ellipsis": {
      "Package": "ellipsis",
      "Version": "0.3.2",
      "Source": "Repository",
      "Repository": "CRAN",
      "Hash": "bb0eec2fe32e88d9e2836c2f73ea2077",
      "Requirements": [
        "rlang"
      ]
    },
    "english": {
      "Package": "english",
      "Version": "1.2-6",
      "Source": "Repository",
      "Repository": "CRAN",
      "Hash": "eae5ce5432c3e995bc4aab2e612df7a5",
      "Requirements": []
    },
    "evaluate": {
      "Package": "evaluate",
      "Version": "0.15",
      "Source": "Repository",
      "Repository": "CRAN",
      "Hash": "699a7a93d08c962d9f8950b2d7a227f1",
      "Requirements": []
    },
    "fansi": {
      "Package": "fansi",
      "Version": "1.0.2",
      "Source": "Repository",
      "Repository": "CRAN",
      "Hash": "f28149c2d7a1342a834b314e95e67260",
      "Requirements": []
    },
    "farver": {
      "Package": "farver",
      "Version": "2.1.0",
      "Source": "Repository",
      "Repository": "CRAN",
      "Hash": "c98eb5133d9cb9e1622b8691487f11bb",
      "Requirements": []
    },
    "fastmap": {
      "Package": "fastmap",
      "Version": "1.1.0",
      "Source": "Repository",
      "Repository": "CRAN",
      "Hash": "77bd60a6157420d4ffa93b27cf6a58b8",
      "Requirements": []
    },
    "filelock": {
      "Package": "filelock",
      "Version": "1.0.2",
      "Source": "Repository",
      "Repository": "CRAN",
      "Hash": "38ec653c2613bed60052ba3787bd8a2c",
      "Requirements": []
    },
    "flextable": {
      "Package": "flextable",
      "Version": "0.7.0",
      "Source": "Repository",
      "Repository": "CRAN",
      "Hash": "c0ab683f6ee8b99be0e0cdce8ad53416",
      "Requirements": [
        "base64enc",
        "data.table",
        "gdtools",
        "htmltools",
        "knitr",
        "officer",
        "rlang",
        "rmarkdown",
        "uuid",
        "xml2"
      ]
    },
    "forcats": {
      "Package": "forcats",
      "Version": "0.5.1",
      "Source": "Repository",
      "Repository": "CRAN",
      "Hash": "81c3244cab67468aac4c60550832655d",
      "Requirements": [
        "ellipsis",
        "magrittr",
        "rlang",
        "tibble"
      ]
    },
    "foreach": {
      "Package": "foreach",
      "Version": "1.5.2",
      "Source": "Repository",
      "Repository": "CRAN",
      "Hash": "618609b42c9406731ead03adf5379850",
      "Requirements": [
        "codetools",
        "iterators"
      ]
    },
    "formatR": {
      "Package": "formatR",
      "Version": "1.11",
      "Source": "Repository",
      "Repository": "CRAN",
      "Hash": "2590a6a868515a69f258640a51b724c9",
      "Requirements": []
    },
    "fs": {
      "Package": "fs",
      "Version": "1.5.2",
      "Source": "Repository",
      "Repository": "CRAN",
      "Hash": "7c89603d81793f0d5486d91ab1fc6f1d",
      "Requirements": []
    },
    "furrr": {
      "Package": "furrr",
      "Version": "0.2.3",
      "Source": "Repository",
      "Repository": "CRAN",
      "Hash": "2aba4ab06e8707ac054c6683cb6fed56",
      "Requirements": [
        "ellipsis",
        "future",
        "globals",
        "lifecycle",
        "purrr",
        "rlang",
        "vctrs"
      ]
    },
    "futile.logger": {
      "Package": "futile.logger",
      "Version": "1.4.3",
      "Source": "Repository",
      "Repository": "CRAN",
      "Hash": "99f0ace8c05ec7d3683d27083c4f1e7e",
      "Requirements": [
        "futile.options",
        "lambda.r"
      ]
    },
    "futile.options": {
      "Package": "futile.options",
      "Version": "1.0.1",
      "Source": "Repository",
      "Repository": "CRAN",
      "Hash": "0d9bf02413ddc2bbe8da9ce369dcdd2b",
      "Requirements": []
    },
    "future": {
      "Package": "future",
      "Version": "1.24.0",
      "Source": "Repository",
      "Repository": "CRAN",
      "Hash": "5cc7addaa73372fbee0a7d06c880068e",
      "Requirements": [
        "digest",
        "globals",
        "listenv",
        "parallelly"
      ]
    },
    "gdtools": {
      "Package": "gdtools",
      "Version": "0.2.3",
      "Source": "Repository",
      "Repository": "CRAN",
      "Hash": "12a524de5a491ff39debb9311fc0763f",
      "Requirements": [
        "Rcpp",
        "systemfonts"
      ]
    },
    "generics": {
      "Package": "generics",
      "Version": "0.1.2",
      "Source": "Repository",
      "Repository": "CRAN",
      "Hash": "177475892cf4a55865868527654a7741",
      "Requirements": []
    },
    "ggforce": {
      "Package": "ggforce",
      "Version": "0.3.3",
      "Source": "Repository",
      "Repository": "CRAN",
      "Hash": "4c64a588b497f8c088e1d308ddd40bc6",
      "Requirements": [
        "MASS",
        "Rcpp",
        "RcppEigen",
        "ggplot2",
        "gtable",
        "polyclip",
        "rlang",
        "scales",
        "tidyselect",
        "tweenr",
        "withr"
      ]
    },
    "ggplot2": {
      "Package": "ggplot2",
      "Version": "3.3.5",
      "Source": "Repository",
      "Repository": "CRAN",
      "Hash": "d7566c471c7b17e095dd023b9ef155ad",
      "Requirements": [
        "MASS",
        "digest",
        "glue",
        "gtable",
        "isoband",
        "mgcv",
        "rlang",
        "scales",
        "tibble",
        "withr"
      ]
    },
    "ggridges": {
      "Package": "ggridges",
      "Version": "0.5.3",
      "Source": "Repository",
      "Repository": "CRAN",
      "Hash": "9d028e8f37c84dba356ce3c367a1978e",
      "Requirements": [
        "ggplot2",
        "plyr",
        "scales",
        "withr"
      ]
    },
    "git2r": {
      "Package": "git2r",
      "Version": "0.29.0",
      "Source": "Repository",
      "Repository": "CRAN",
      "Hash": "b114135c4749076bd5ef74a5827b6f62",
      "Requirements": []
    },
    "globals": {
      "Package": "globals",
      "Version": "0.14.0",
      "Source": "Repository",
      "Repository": "CRAN",
      "Hash": "eca8023ed5ca6372479ebb9b3207f5ae",
      "Requirements": [
        "codetools"
      ]
    },
    "glue": {
      "Package": "glue",
      "Version": "1.6.2",
      "Source": "Repository",
      "Repository": "CRAN",
      "Hash": "4f2596dfb05dac67b9dc558e5c6fba2e",
      "Requirements": []
    },
    "gtable": {
      "Package": "gtable",
      "Version": "0.3.0",
      "Source": "Repository",
      "Repository": "CRAN",
      "Hash": "ac5c6baf7822ce8732b343f14c072c4d",
      "Requirements": []
    },
    "here": {
      "Package": "here",
      "Version": "1.0.1",
      "Source": "Repository",
      "Repository": "CRAN",
      "Hash": "24b224366f9c2e7534d2344d10d59211",
      "Requirements": [
        "rprojroot"
      ]
    },
    "highr": {
      "Package": "highr",
      "Version": "0.9",
      "Source": "Repository",
      "Repository": "CRAN",
      "Hash": "8eb36c8125038e648e5d111c0d7b2ed4",
      "Requirements": [
        "xfun"
      ]
    },
    "hms": {
      "Package": "hms",
      "Version": "1.1.1",
      "Source": "Repository",
      "Repository": "CRAN",
      "Hash": "5b8a2dd0fdbe2ab4f6081e6c7be6dfca",
      "Requirements": [
        "ellipsis",
        "lifecycle",
        "pkgconfig",
        "rlang",
        "vctrs"
      ]
    },
    "htmltools": {
      "Package": "htmltools",
      "Version": "0.5.2",
      "Source": "Repository",
      "Repository": "CRAN",
      "Hash": "526c484233f42522278ab06fb185cb26",
      "Requirements": [
        "base64enc",
        "digest",
        "fastmap",
        "rlang"
      ]
    },
    "igraph": {
      "Package": "igraph",
      "Version": "1.2.11",
      "Source": "Repository",
      "Repository": "CRAN",
      "Hash": "1d10cd31c2979f9c819ffe4d16b9dc2b",
      "Requirements": [
        "Matrix",
        "magrittr",
        "pkgconfig"
      ]
    },
    "impute": {
      "Package": "impute",
      "Version": "1.68.0",
      "Source": "Bioconductor",
      "git_url": "https://git.bioconductor.org/packages/impute",
      "git_branch": "RELEASE_3_14",
      "git_last_commit": "fa4e4d8",
      "git_last_commit_date": "2021-10-26",
      "Hash": "ac6e18b092710ce2bd2dd3d4e13eae35",
      "Requirements": []
    },
    "isoband": {
      "Package": "isoband",
      "Version": "0.2.5",
      "Source": "Repository",
      "Repository": "CRAN",
      "Hash": "7ab57a6de7f48a8dc84910d1eca42883",
      "Requirements": []
    },
    "iterators": {
      "Package": "iterators",
      "Version": "1.0.14",
      "Source": "Repository",
      "Repository": "CRAN",
      "Hash": "8954069286b4b2b0d023d1b288dce978",
      "Requirements": []
    },
    "jquerylib": {
      "Package": "jquerylib",
      "Version": "0.1.4",
      "Source": "Repository",
      "Repository": "CRAN",
      "Hash": "5aab57a3bd297eee1c1d862735972182",
      "Requirements": [
        "htmltools"
      ]
    },
    "jsonlite": {
      "Package": "jsonlite",
      "Version": "1.8.0",
      "Source": "Repository",
      "Repository": "CRAN",
      "Hash": "d07e729b27b372429d42d24d503613a0",
      "Requirements": []
    },
    "knitr": {
      "Package": "knitr",
      "Version": "1.37",
      "Source": "Repository",
      "Repository": "CRAN",
      "Hash": "a4ec675eb332a33fe7b7fe26f70e1f98",
      "Requirements": [
        "evaluate",
        "highr",
        "stringr",
        "xfun",
        "yaml"
      ]
    },
    "knitrProgressBar": {
      "Package": "knitrProgressBar",
      "Version": "1.1.0",
      "Source": "Repository",
      "Repository": "CRAN",
      "Hash": "0eff7cdf2ade50ff15e43bfeb13b92ed",
      "Requirements": [
        "R.oo",
        "R6"
      ]
    },
    "labeling": {
      "Package": "labeling",
      "Version": "0.4.2",
      "Source": "Repository",
      "Repository": "CRAN",
      "Hash": "3d5108641f47470611a32d0bdf357a72",
      "Requirements": []
    },
    "lambda.r": {
      "Package": "lambda.r",
      "Version": "1.2.4",
      "Source": "Repository",
      "Repository": "CRAN",
      "Hash": "b1e925c4b9ffeb901bacf812cbe9a6ad",
      "Requirements": [
        "formatR"
      ]
    },
    "lattice": {
      "Package": "lattice",
      "Version": "0.20-45",
      "Source": "Repository",
      "Repository": "CRAN",
      "Hash": "b64cdbb2b340437c4ee047a1f4c4377b",
      "Requirements": []
    },
    "lifecycle": {
      "Package": "lifecycle",
      "Version": "1.0.1",
      "Source": "Repository",
      "Repository": "CRAN",
      "Hash": "a6b6d352e3ed897373ab19d8395c98d0",
      "Requirements": [
        "glue",
        "rlang"
      ]
    },
    "limma": {
      "Package": "limma",
      "Version": "3.50.1",
      "Source": "Bioconductor",
      "git_url": "https://git.bioconductor.org/packages/limma",
      "git_branch": "RELEASE_3_14",
      "git_last_commit": "3c2641f",
      "git_last_commit_date": "2022-02-16",
      "Hash": "1ffea80c91b4d2403fb3e3935626d336",
      "Requirements": []
    },
    "listenv": {
      "Package": "listenv",
      "Version": "0.8.0",
      "Source": "Repository",
      "Repository": "CRAN",
      "Hash": "0bde42ee282efb18c7c4e63822f5b4f7",
      "Requirements": []
    },
    "lubridate": {
      "Package": "lubridate",
      "Version": "1.8.0",
      "Source": "Repository",
      "Repository": "CRAN",
      "Hash": "2ff5eedb6ee38fb1b81205c73be1be5a",
      "Requirements": [
        "cpp11",
        "generics"
      ]
    },
    "magrittr": {
      "Package": "magrittr",
      "Version": "2.0.2",
      "Source": "Repository",
      "Repository": "CRAN",
      "Hash": "cdc87ecd81934679d1557633d8e1fe51",
      "Requirements": []
    },
    "memoise": {
      "Package": "memoise",
      "Version": "2.0.1",
      "Source": "Repository",
      "Repository": "CRAN",
      "Hash": "e2817ccf4a065c5d9d7f2cfbe7c1d78c",
      "Requirements": [
        "cachem",
        "rlang"
      ]
    },
    "metabolomicsUtilities": {
      "Package": "metabolomicsUtilities",
      "Version": "0.0.26",
      "Source": "GitHub",
      "RemoteType": "github",
      "RemoteHost": "api.github.com",
      "RemoteUsername": "MoseleyBioinformaticsLab",
      "RemoteRepo": "metabolomicsUtilities",
      "RemoteRef": "master",
      "RemoteSha": "af0263831a34d44e78aa4e1a25fa84eab1932254",
      "Hash": "1485a94f68523427fad8fbde169d3eb0",
      "Requirements": [
        "IRanges"
      ]
    },
    "mgcv": {
      "Package": "mgcv",
      "Version": "1.8-39",
      "Source": "Repository",
      "Repository": "CRAN",
      "Hash": "055265005c238024e306fe0b600c89ff",
      "Requirements": [
        "Matrix",
        "nlme"
      ]
    },
    "munsell": {
      "Package": "munsell",
      "Version": "0.5.0",
      "Source": "Repository",
      "Repository": "CRAN",
      "Hash": "6dfe8bf774944bd5595785e3229d8771",
      "Requirements": [
        "colorspace"
      ]
    },
    "mzID": {
      "Package": "mzID",
      "Version": "1.32.0",
      "Source": "Bioconductor",
      "git_url": "https://git.bioconductor.org/packages/mzID",
      "git_branch": "RELEASE_3_14",
      "git_last_commit": "d414638",
      "git_last_commit_date": "2021-10-26",
      "Hash": "daa1a7300d5152e0bf4652e3d3f79d4a",
      "Requirements": [
        "ProtGenerics",
        "XML",
        "doParallel",
        "foreach",
        "iterators",
        "plyr"
      ]
    },
    "mzR": {
      "Package": "mzR",
      "Version": "2.28.0",
      "Source": "Bioconductor",
      "git_url": "https://git.bioconductor.org/packages/mzR",
      "git_branch": "RELEASE_3_14",
      "git_last_commit": "bee7d6f",
      "git_last_commit_date": "2021-10-26",
      "Hash": "9fdb0d0b981dcaffb15ca490e9979388",
      "Requirements": [
        "Biobase",
        "BiocGenerics",
        "ProtGenerics",
        "Rcpp",
        "Rhdf5lib",
        "ncdf4",
        "zlibbioc"
      ]
    },
    "ncdf4": {
      "Package": "ncdf4",
      "Version": "1.19",
      "Source": "Repository",
      "Repository": "CRAN",
      "Hash": "7c902f18c0be04c8767b94019ffe8063",
      "Requirements": []
    },
    "nlme": {
      "Package": "nlme",
      "Version": "3.1-155",
      "Source": "Repository",
      "Repository": "CRAN",
      "Hash": "74ad940dccc9e977189a5afe5fcdb7ba",
      "Requirements": [
        "lattice"
      ]
    },
    "officer": {
      "Package": "officer",
      "Version": "0.4.1",
      "Source": "Repository",
      "Repository": "CRAN",
      "Hash": "0a93ccc072f566f8a65fe75b5b6f81e7",
      "Requirements": [
        "R6",
        "uuid",
        "xml2",
        "zip"
      ]
    },
    "parallelly": {
      "Package": "parallelly",
      "Version": "1.30.0",
      "Source": "Repository",
      "Repository": "CRAN",
      "Hash": "67db13907a9cea89c118cf82d448799f",
      "Requirements": []
    },
    "patchwork": {
      "Package": "patchwork",
      "Version": "1.1.1",
      "Source": "Repository",
      "Repository": "CRAN",
      "Hash": "c446b30cb33ec125ff02588b60660ccb",
      "Requirements": [
        "ggplot2",
        "gtable"
      ]
    },
    "pcaMethods": {
      "Package": "pcaMethods",
      "Version": "1.86.0",
      "Source": "Bioconductor",
      "git_url": "https://git.bioconductor.org/packages/pcaMethods",
      "git_branch": "RELEASE_3_14",
      "git_last_commit": "9419cfa",
      "git_last_commit_date": "2021-10-26",
      "Hash": "c7e4e7945ceb42ec531d60eb86563825",
      "Requirements": [
        "Biobase",
        "BiocGenerics",
        "MASS",
        "Rcpp"
      ]
    },
    "pillar": {
      "Package": "pillar",
      "Version": "1.7.0",
      "Source": "Repository",
      "Repository": "CRAN",
      "Hash": "51dfc97e1b7069e9f7e6f83f3589c22e",
      "Requirements": [
        "cli",
        "crayon",
        "ellipsis",
        "fansi",
        "glue",
        "lifecycle",
        "rlang",
        "utf8",
        "vctrs"
      ]
    },
    "pkgconfig": {
      "Package": "pkgconfig",
      "Version": "2.0.3",
      "Source": "Repository",
      "Repository": "CRAN",
      "Hash": "01f28d4278f15c76cddbea05899c5d6f",
      "Requirements": []
    },
    "plyr": {
      "Package": "plyr",
      "Version": "1.8.6",
      "Source": "Repository",
      "Repository": "CRAN",
      "Hash": "ec0e5ab4e5f851f6ef32cd1d1984957f",
      "Requirements": [
        "Rcpp"
      ]
    },
    "polyclip": {
      "Package": "polyclip",
      "Version": "1.10-0",
      "Source": "Repository",
      "Repository": "CRAN",
      "Hash": "cb167f328b3ada4ec5cf67a7df4c900a",
      "Requirements": []
    },
    "pracma": {
      "Package": "pracma",
      "Version": "2.3.6",
      "Source": "Repository",
      "Repository": "CRAN",
      "Hash": "920efbbf2d6dd33907f540591caa010a",
      "Requirements": []
    },
    "preprocessCore": {
      "Package": "preprocessCore",
      "Version": "1.56.0",
      "Source": "Bioconductor",
      "git_url": "https://git.bioconductor.org/packages/preprocessCore",
      "git_branch": "RELEASE_3_14",
      "git_last_commit": "8f32722",
      "git_last_commit_date": "2021-10-26",
      "Hash": "36a1b1901bc140f7b25fefd0b2c87450",
      "Requirements": []
    },
    "prettyunits": {
      "Package": "prettyunits",
      "Version": "1.1.1",
      "Source": "Repository",
      "Repository": "CRAN",
      "Hash": "95ef9167b75dde9d2ccc3c7528393e7e",
      "Requirements": []
    },
    "processx": {
      "Package": "processx",
      "Version": "3.5.2",
      "Source": "Repository",
      "Repository": "CRAN",
      "Hash": "0cbca2bc4d16525d009c4dbba156b37c",
      "Requirements": [
        "R6",
        "ps"
      ]
    },
    "progress": {
      "Package": "progress",
      "Version": "1.2.2",
      "Source": "Repository",
      "Repository": "CRAN",
      "Hash": "14dc9f7a3c91ebb14ec5bb9208a07061",
      "Requirements": [
        "R6",
        "crayon",
        "hms",
        "prettyunits"
      ]
    },
    "ps": {
      "Package": "ps",
      "Version": "1.6.0",
      "Source": "Repository",
      "Repository": "CRAN",
      "Hash": "32620e2001c1dce1af49c49dccbb9420",
      "Requirements": []
    },
    "purrr": {
      "Package": "purrr",
      "Version": "0.3.4",
      "Source": "Repository",
      "Repository": "CRAN",
      "Hash": "97def703420c8ab10d8f0e6c72101e02",
      "Requirements": [
        "magrittr",
        "rlang"
      ]
    },
    "readxl": {
      "Package": "readxl",
      "Version": "1.3.1",
      "Source": "Repository",
      "Repository": "CRAN",
      "Hash": "63537c483c2dbec8d9e3183b3735254a",
      "Requirements": [
        "Rcpp",
        "cellranger",
        "progress",
        "tibble"
      ]
    },
    "rematch": {
      "Package": "rematch",
      "Version": "1.0.1",
      "Source": "Repository",
      "Repository": "CRAN",
      "Hash": "c66b930d20bb6d858cd18e1cebcfae5c",
      "Requirements": []
    },
    "renv": {
      "Package": "renv",
      "Version": "0.15.3",
      "Source": "Repository",
      "Repository": "CRAN",
      "Hash": "318c703b833089e1bc0c6a198362ca19",
      "Requirements": []
    },
    "rlang": {
      "Package": "rlang",
      "Version": "1.0.1",
      "Source": "Repository",
      "Repository": "CRAN",
      "Hash": "3bf0219f19d9f5b3c682acbb3546a151",
      "Requirements": []
    },
    "rmarkdown": {
      "Package": "rmarkdown",
      "Version": "2.11",
      "Source": "Repository",
      "Repository": "CRAN",
      "Hash": "320017b52d05a943981272b295750388",
      "Requirements": [
        "evaluate",
        "htmltools",
        "jquerylib",
        "jsonlite",
        "knitr",
        "stringr",
        "tinytex",
        "xfun",
        "yaml"
      ]
    },
    "rprojroot": {
      "Package": "rprojroot",
      "Version": "2.0.2",
      "Source": "Repository",
      "Repository": "CRAN",
      "Hash": "249d8cd1e74a8f6a26194a91b47f21d1",
      "Requirements": []
    },
    "scales": {
      "Package": "scales",
      "Version": "1.1.1",
      "Source": "Repository",
      "Repository": "CRAN",
      "Hash": "6f76f71042411426ec8df6c54f34e6dd",
      "Requirements": [
        "R6",
        "RColorBrewer",
        "farver",
        "labeling",
        "lifecycle",
        "munsell",
        "viridisLite"
      ]
    },
    "smirfeTools": {
      "Package": "smirfeTools",
      "Version": "0.0.46",
      "Source": "GitHub",
      "RemoteType": "github",
      "RemoteHost": "api.github.com",
      "RemoteUsername": "MoseleyBioinformaticsLab",
      "RemoteRepo": "smirfeTools",
      "RemoteRef": "main",
      "RemoteSha": "bceb961c1fefe676dc9bcb56e0b4f789748e0db8",
      "Hash": "c357fdcb868196147daf1102fd6ea75a",
      "Requirements": [
        "dplyr",
        "magrittr",
        "mgcv",
        "purrr"
      ]
    },
    "snow": {
      "Package": "snow",
      "Version": "0.4-4",
      "Source": "Repository",
      "Repository": "CRAN",
      "Hash": "40b74690debd20c57d93d8c246b305d4",
      "Requirements": []
    },
    "storr": {
      "Package": "storr",
      "Version": "1.2.5",
      "Source": "Repository",
      "Repository": "CRAN",
      "Hash": "96034207276a46a44dc81b8d43397602",
      "Requirements": [
        "R6",
        "digest"
      ]
    },
    "stringi": {
      "Package": "stringi",
      "Version": "1.7.6",
      "Source": "Repository",
      "Repository": "CRAN",
      "Hash": "bba431031d30789535745a9627ac9271",
      "Requirements": []
    },
    "stringr": {
      "Package": "stringr",
      "Version": "1.4.0",
      "Source": "Repository",
      "Repository": "CRAN",
      "Hash": "0759e6b6c0957edb1311028a49a35e76",
      "Requirements": [
        "glue",
        "magrittr",
        "stringi"
      ]
    },
    "systemfonts": {
      "Package": "systemfonts",
      "Version": "1.0.3",
      "Source": "Repository",
      "Repository": "CRAN",
      "Hash": "5be9fcf8ef6763e8cb13ab009e273a1d",
      "Requirements": [
        "cpp11"
      ]
    },
    "tarchetypes": {
      "Package": "tarchetypes",
      "Version": "0.4.1",
      "Source": "Repository",
      "Repository": "CRAN",
      "Hash": "24c9eb58a70cef665befbcc9891572de",
      "Requirements": [
        "digest",
        "dplyr",
        "fs",
        "rlang",
        "targets",
        "tibble",
        "tidyselect",
        "vctrs",
        "withr"
      ]
    },
    "targets": {
      "Package": "targets",
      "Version": "0.10.0",
      "Source": "Repository",
      "Repository": "CRAN",
      "Hash": "bd9b5c201537ae9e9bf3e8addbeb4218",
      "Requirements": [
        "R6",
        "base64url",
        "callr",
        "cli",
        "codetools",
        "data.table",
        "digest",
        "igraph",
        "knitr",
        "rlang",
        "tibble",
        "tidyselect",
        "vctrs",
        "withr",
        "yaml"
      ]
    },
    "tibble": {
      "Package": "tibble",
      "Version": "3.1.6",
      "Source": "Repository",
      "Repository": "CRAN",
      "Hash": "8a8f02d1934dfd6431c671361510dd0b",
      "Requirements": [
        "ellipsis",
        "fansi",
        "lifecycle",
        "magrittr",
        "pillar",
        "pkgconfig",
        "rlang",
        "vctrs"
      ]
    },
    "tidyr": {
      "Package": "tidyr",
      "Version": "1.2.0",
      "Source": "Repository",
      "Repository": "CRAN",
      "Hash": "d8b95b7fee945d7da6888cf7eb71a49c",
      "Requirements": [
        "cpp11",
        "dplyr",
        "ellipsis",
        "glue",
        "lifecycle",
        "magrittr",
        "purrr",
        "rlang",
        "tibble",
        "tidyselect",
        "vctrs"
      ]
    },
    "tidyselect": {
      "Package": "tidyselect",
      "Version": "1.1.2",
      "Source": "Repository",
      "Repository": "CRAN",
      "Hash": "17f6da8cfd7002760a859915ce7eef8f",
      "Requirements": [
        "ellipsis",
        "glue",
        "purrr",
        "rlang",
        "vctrs"
      ]
    },
    "tinytex": {
      "Package": "tinytex",
      "Version": "0.37",
      "Source": "Repository",
      "Repository": "CRAN",
      "Hash": "a80abeb527a977e4bef21873d29222dd",
      "Requirements": [
        "xfun"
      ]
    },
    "tweenr": {
      "Package": "tweenr",
      "Version": "1.0.2",
      "Source": "Repository",
      "Repository": "CRAN",
      "Hash": "6cc663f970a529dbf776f11d5bcd1a2e",
      "Requirements": [
        "Rcpp",
        "farver",
        "magrittr",
        "rlang"
      ]
    },
    "txtq": {
      "Package": "txtq",
      "Version": "0.2.4",
      "Source": "Repository",
      "Repository": "CRAN",
      "Hash": "47bc241ac3efaa6b75109c00ad708448",
      "Requirements": [
        "R6",
        "base64url",
        "filelock"
      ]
    },
    "utf8": {
      "Package": "utf8",
      "Version": "1.2.2",
      "Source": "Repository",
      "Repository": "CRAN",
      "Hash": "c9c462b759a5cc844ae25b5942654d13",
      "Requirements": []
    },
    "uuid": {
      "Package": "uuid",
      "Version": "1.0-3",
      "Source": "Repository",
      "Repository": "CRAN",
      "Hash": "2097822ba5e4440b81a0c7525d0315ce",
      "Requirements": []
    },
    "vctrs": {
      "Package": "vctrs",
      "Version": "0.3.8",
      "Source": "Repository",
      "Repository": "CRAN",
      "Hash": "ecf749a1b39ea72bd9b51b76292261f1",
      "Requirements": [
        "ellipsis",
        "glue",
        "rlang"
      ]
    },
    "viridisLite": {
      "Package": "viridisLite",
      "Version": "0.4.0",
      "Source": "Repository",
      "Repository": "CRAN",
      "Hash": "55e157e2aa88161bdb0754218470d204",
      "Requirements": []
    },
    "vsn": {
      "Package": "vsn",
      "Version": "3.62.0",
      "Source": "Bioconductor",
      "git_url": "https://git.bioconductor.org/packages/vsn",
      "git_branch": "RELEASE_3_14",
      "git_last_commit": "6ae7f4e",
      "git_last_commit_date": "2021-10-26",
      "Hash": "371f1a4d99079b174dc215a7c8a27a92",
      "Requirements": [
        "Biobase",
        "affy",
        "ggplot2",
        "lattice",
        "limma"
      ]
    },
    "withr": {
      "Package": "withr",
      "Version": "2.4.3",
      "Source": "Repository",
      "Repository": "CRAN",
      "Hash": "a376b424c4817cda4920bbbeb3364e85",
      "Requirements": []
    },
    "xfun": {
      "Package": "xfun",
      "Version": "0.29",
      "Source": "Repository",
      "Repository": "CRAN",
      "Hash": "e2e5fb1a74fbb68b27d6efc5372635dc",
      "Requirements": []
    },
    "xml2": {
      "Package": "xml2",
      "Version": "1.3.3",
      "Source": "Repository",
      "Repository": "CRAN",
      "Hash": "40682ed6a969ea5abfd351eb67833adc",
      "Requirements": []
    },
    "yaml": {
      "Package": "yaml",
      "Version": "2.3.5",
      "Source": "Repository",
      "Repository": "CRAN",
      "Hash": "458bb38374d73bf83b1bb85e353da200",
      "Requirements": []
    },
    "zip": {
      "Package": "zip",
      "Version": "2.2.0",
      "Source": "Repository",
      "Repository": "CRAN",
      "Hash": "c7eef2996ac270a18c2715c997a727c5",
      "Requirements": []
    },
    "zlibbioc": {
      "Package": "zlibbioc",
      "Version": "1.40.0",
      "Source": "Bioconductor",
      "git_url": "https://git.bioconductor.org/packages/zlibbioc",
      "git_branch": "RELEASE_3_14",
      "git_last_commit": "3f116b3",
      "git_last_commit_date": "2021-10-26",
      "Hash": "3598bf6c766b0d2c15d1eefefa26d9ef",
      "Requirements": []
    }
  }
}
